
Microsoft Visual Studio Solution File, Format Version 10.00
# Visual Studio 2008
Project("{FAE04EC0-301F-11D3-BF4B-00C04F79EFBC}") = "excepciones", "excepciones\excepciones.csproj", "{A4130F2B-0AC3-4354-96C1-022761EFEB46}"
EndProject
Global
	GlobalSection(SolutionConfigurationPlatforms) = preSolution
		Debug|x86 = Debug|x86
		Release|x86 = Release|x86
	EndGlobalSection
	GlobalSection(ProjectConfigurationPlatforms) = postSolution
		{A4130F2B-0AC3-4354-96C1-022761EFEB46}.Debug|x86.ActiveCfg = Debug|x86
		{A4130F2B-0AC3-4354-96C1-022761EFEB46}.Debug|x86.Build.0 = Debug|x86
		{A4130F2B-0AC3-4354-96C1-022761EFEB46}.Release|x86.ActiveCfg = Release|x86
		{A4130F2B-0AC3-4354-96C1-022761EFEB46}.Release|x86.Build.0 = Release|x86
	EndGlobalSection
	GlobalSection(MonoDevelopProperties) = preSolution
		StartupItem = excepciones\excepciones.csproj
	EndGlobalSection
EndGlobal
